<Solution>
  <Project Path="../ThreadService.API.GRPC/ThreadService.GRPC.Client.csproj" />
  <Project Path="../ThreadService.Application/ThreadService.Application.csproj" />
  <Project Path="../ThreadService.Core/ThreadService.Core.csproj" />
  <Project Path="../ThreadService.DataAccess/ThreadService.Persistance.csproj" />
  <Project Path="ThreadService.API.csproj" />
</Solution>
